Microsoft Visual Studio Solution File, Format Version 12.00
# Visual Studio Version 17
VisualStudioVersion = 17.5.2.0
MinimumVisualStudioVersion = 10.0.40219.1
Project("{FAE04EC0-301F-11D3-BF4B-00C04F79EFBC}") = "FunAsiaGo", "FunAsiaGo.csproj", "{18086F0A-D58C-40BB-7C9E-4B497A2027D2}"
EndProject
Global
	GlobalSection(SolutionConfigurationPlatforms) = preSolution
		Debug|Any CPU = Debug|Any CPU
		Release|Any CPU = Release|Any CPU
	EndGlobalSection
	GlobalSection(ProjectConfigurationPlatforms) = postSolution
		{18086F0A-D58C-40BB-7C9E-4B497A2027D2}.Debug|Any CPU.ActiveCfg = Debug|Any CPU
		{18086F0A-D58C-40BB-7C9E-4B497A2027D2}.Debug|Any CPU.Build.0 = Debug|Any CPU
		{18086F0A-D58C-40BB-7C9E-4B497A2027D2}.Release|Any CPU.ActiveCfg = Release|Any CPU
		{18086F0A-D58C-40BB-7C9E-4B497A2027D2}.Release|Any CPU.Build.0 = Release|Any CPU
	EndGlobalSection
	GlobalSection(SolutionProperties) = preSolution
		HideSolutionNode = FALSE
	EndGlobalSection
	GlobalSection(ExtensibilityGlobals) = postSolution
		SolutionGuid = {2E081969-5903-4BE8-A4BD-36DB64B55FB2}
	EndGlobalSection
EndGlobal
